
Microsoft Visual Studio Solution File, Format Version 12.00
# Visual Studio Version 17
VisualStudioVersion = 17.12.35527.113 d17.12
MinimumVisualStudioVersion = 10.0.40219.1
Project("{F184B08F-C81C-45F6-A57F-5ABD9991F28F}") = "KH-AK-SP_Extractor", "KH-AK-SP_Extractor.vbproj", "{8CEB1969-B601-4653-9608-E5E1A5FD410B}"
EndProject
Global
	GlobalSection(SolutionConfigurationPlatforms) = preSolution
		Debug|Any CPU = Debug|Any CPU
		Release|Any CPU = Release|Any CPU
	EndGlobalSection
	GlobalSection(ProjectConfigurationPlatforms) = postSolution
		{8CEB1969-B601-4653-9608-E5E1A5FD410B}.Debug|Any CPU.ActiveCfg = Debug|Any CPU
		{8CEB1969-B601-4653-9608-E5E1A5FD410B}.Debug|Any CPU.Build.0 = Debug|Any CPU
		{8CEB1969-B601-4653-9608-E5E1A5FD410B}.Release|Any CPU.ActiveCfg = Release|Any CPU
		{8CEB1969-B601-4653-9608-E5E1A5FD410B}.Release|Any CPU.Build.0 = Release|Any CPU
	EndGlobalSection
	GlobalSection(SolutionProperties) = preSolution
		HideSolutionNode = FALSE
	EndGlobalSection
EndGlobal
